{
  "name": "artillery",
  "version": "0.0.1",
  "lockfileVersion": 2,
  "requires": true,
  "packages": {
    "": {
      "name": "artillery",
      "version": "0.0.1",
      "license": "ISC",
      "dependencies": {
        "applicationinsights": "^2.5.1"
      }
    },
    "node_modules/@azure/abort-controller": {
      "version": "1.1.0",
      "resolved": "https://registry.npmjs.org/@azure/abort-controller/-/abort-controller-1.1.0.tgz",
      "integrity": "sha512-TrRLIoSQVzfAJX9H1JeFjzAoDGcoK1IYX1UImfceTZpsyYfWr09Ss1aHW1y5TrrR3iq6RZLBwJ3E24uwPhwahw==",
      "dependencies": {
        "tslib": "^2.2.0"
      },
      "engines": {
        "node": ">=12.0.0"
      }
    },
    "node_modules/@azure/core-auth": {
      "version": "1.4.0",
      "resolved": "https://registry.npmjs.org/@azure/core-auth/-/core-auth-1.4.0.tgz",
      "integrity": "sha512-HFrcTgmuSuukRf/EdPmqBrc5l6Q5Uu+2TbuhaKbgaCpP2TfAeiNaQPAadxO+CYBRHGUzIDteMAjFspFLDLnKVQ==",
      "dependencies": {
        "@azure/abort-controller": "^1.0.0",
        "tslib": "^2.2.0"
      },
      "engines": {
        "node": ">=12.0.0"
      }
    },
    "node_modules/@azure/core-rest-pipeline": {
      "version": "1.10.3",
      "resolved": "https://registry.npmjs.org/@azure/core-rest-pipeline/-/core-rest-pipeline-1.10.3.tgz",
      "integrity": "sha512-AMQb0ttiGJ0MIV/r+4TVra6U4+90mPeOveehFnrqKlo7dknPJYdJ61wOzYJXJjDxF8LcCtSogfRelkq+fCGFTw==",
      "dependencies": {
        "@azure/abort-controller": "^1.0.0",
        "@azure/core-auth": "^1.4.0",
        "@azure/core-tracing": "^1.0.1",
        "@azure/core-util": "^1.3.0",
        "@azure/logger": "^1.0.0",
        "form-data": "^4.0.0",
        "http-proxy-agent": "^5.0.0",
        "https-proxy-agent": "^5.0.0",
        "tslib": "^2.2.0"
      },
      "engines": {
        "node": ">=14.0.0"
      }
    },
    "node_modules/@azure/core-tracing": {
      "version": "1.0.1",
      "resolved": "https://registry.npmjs.org/@azure/core-tracing/-/core-tracing-1.0.1.tgz",
      "integrity": "sha512-I5CGMoLtX+pI17ZdiFJZgxMJApsK6jjfm85hpgp3oazCdq5Wxgh4wMr7ge/TTWW1B5WBuvIOI1fMU/FrOAMKrw==",
      "dependencies": {
        "tslib": "^2.2.0"
      },
      "engines": {
        "node": ">=12.0.0"
      }
    },
    "node_modules/@azure/core-util": {
      "version": "1.3.0",
      "resolved": "https://registry.npmjs.org/@azure/core-util/-/core-util-1.3.0.tgz",
      "integrity": "sha512-ANP0Er7R2KHHHjwmKzPF9wbd0gXvOX7yRRHeYL1eNd/OaNrMLyfZH/FQasHRVAf6rMXX+EAUpvYwLMFDHDI5Gw==",
      "dependencies": {
        "@azure/abort-controller": "^1.0.0",
        "tslib": "^2.2.0"
      },
      "engines": {
        "node": ">=14.0.0"
      }
    },
    "node_modules/@azure/logger": {
      "version": "1.0.4",
      "resolved": "https://registry.npmjs.org/@azure/logger/-/logger-1.0.4.tgz",
      "integrity": "sha512-ustrPY8MryhloQj7OWGe+HrYx+aoiOxzbXTtgblbV3xwCqpzUK36phH3XNHQKj3EPonyFUuDTfR3qFhTEAuZEg==",
      "dependencies": {
        "tslib": "^2.2.0"
      },
      "engines": {
        "node": ">=14.0.0"
      }
    },
    "node_modules/@azure/opentelemetry-instrumentation-azure-sdk": {
      "version": "1.0.0-beta.2",
      "resolved": "https://registry.npmjs.org/@azure/opentelemetry-instrumentation-azure-sdk/-/opentelemetry-instrumentation-azure-sdk-1.0.0-beta.2.tgz",
      "integrity": "sha512-WZ2u3J7LmwwVbyXGguiEGNYHyDoUjNb+VZ9S76xecsYOkoKSzFdWJtv/vYBknW9fLuoWCoyVVg8+lU2ouaZbJQ==",
      "dependencies": {
        "@azure/core-tracing": "^1.0.0",
        "@azure/logger": "^1.0.0",
        "@opentelemetry/api": "^1.2.0",
        "@opentelemetry/core": "^1.7.0",
        "@opentelemetry/instrumentation": "^0.33.0",
        "tslib": "^2.2.0"
      },
      "engines": {
        "node": ">=14.0.0"
      }
    },
    "node_modules/@azure/opentelemetry-instrumentation-azure-sdk/node_modules/@opentelemetry/api": {
      "version": "1.4.1",
      "resolved": "https://registry.npmjs.org/@opentelemetry/api/-/api-1.4.1.tgz",
      "integrity": "sha512-O2yRJce1GOc6PAy3QxFM4NzFiWzvScDC1/5ihYBL6BUEVdq0XMWN01sppE+H6bBXbaFYipjwFLEWLg5PaSOThA==",
      "engines": {
        "node": ">=8.0.0"
      }
    },
    "node_modules/@azure/opentelemetry-instrumentation-azure-sdk/node_modules/@opentelemetry/core": {
      "version": "1.11.0",
      "resolved": "https://registry.npmjs.org/@opentelemetry/core/-/core-1.11.0.tgz",
      "integrity": "sha512-aP1wHSb+YfU0pM63UAkizYPuS4lZxzavHHw5KJfFNN2oWQ79HSm6JR3CzwFKHwKhSzHN8RE9fgP1IdVJ8zmo1w==",
      "dependencies": {
        "@opentelemetry/semantic-conventions": "1.11.0"
      },
      "engines": {
        "node": ">=14"
      },
      "peerDependencies": {
        "@opentelemetry/api": ">=1.0.0 <1.5.0"
      }
    },
    "node_modules/@azure/opentelemetry-instrumentation-azure-sdk/node_modules/@opentelemetry/semantic-conventions": {
      "version": "1.11.0",
      "resolved": "https://registry.npmjs.org/@opentelemetry/semantic-conventions/-/semantic-conventions-1.11.0.tgz",
      "integrity": "sha512-fG4D0AktoHyHwGhFGv+PzKrZjxbKJfckJauTJdq2A+ej5cTazmNYjJVAODXXkYyrsI10muMl+B1iO2q1R6Lp+w==",
      "engines": {
        "node": ">=14"
      }
    },
    "node_modules/@microsoft/applicationinsights-web-snippet": {
      "version": "1.0.1",
      "resolved": "https://registry.npmjs.org/@microsoft/applicationinsights-web-snippet/-/applicationinsights-web-snippet-1.0.1.tgz",
      "integrity": "sha512-2IHAOaLauc8qaAitvWS+U931T+ze+7MNWrDHY47IENP5y2UA0vqJDu67kWZDdpCN1fFC77sfgfB+HV7SrKshnQ=="
    },
    "node_modules/@opentelemetry/api": {
      "version": "1.1.0",
      "resolved": "https://registry.npmjs.org/@opentelemetry/api/-/api-1.1.0.tgz",
      "integrity": "sha512-hf+3bwuBwtXsugA2ULBc95qxrOqP2pOekLz34BJhcAKawt94vfeNyUKpYc0lZQ/3sCP6LqRa7UAdHA7i5UODzQ==",
      "engines": {
        "node": ">=8.0.0"
      }
    },
    "node_modules/@opentelemetry/api-metrics": {
      "version": "0.33.0",
      "resolved": "https://registry.npmjs.org/@opentelemetry/api-metrics/-/api-metrics-0.33.0.tgz",
      "integrity": "sha512-78evfPRRRnJA6uZ3xuBuS3VZlXTO/LRs+Ff1iv3O/7DgibCtq9k27T6Zlj8yRdJDFmcjcbQrvC0/CpDpWHaZYA==",
      "deprecated": "Please use @opentelemetry/api >= 1.3.0",
      "dependencies": {
        "@opentelemetry/api": "^1.0.0"
      },
      "engines": {
        "node": ">=14"
      }
    },
    "node_modules/@opentelemetry/core": {
      "version": "1.2.0",
      "resolved": "https://registry.npmjs.org/@opentelemetry/core/-/core-1.2.0.tgz",
      "integrity": "sha512-QiKp8fBbT9ZhRTP+ZVVMyqH62tD/ZQa4gWPi+GnpNetvK1SWPO/8DmRpaSXHwAhu5FWUDJrbFgpLsrDd1zGPOw==",
      "dependencies": {
        "@opentelemetry/semantic-conventions": "1.2.0"
      },
      "engines": {
        "node": ">=8.12.0"
      },
      "peerDependencies": {
        "@opentelemetry/api": ">=1.0.0 <1.2.0"
      }
    },
    "node_modules/@opentelemetry/instrumentation": {
      "version": "0.33.0",
      "resolved": "https://registry.npmjs.org/@opentelemetry/instrumentation/-/instrumentation-0.33.0.tgz",
      "integrity": "sha512-8joPjKJ6TznNt04JbnzZG+m1j/4wm1OIrX7DEw/V5lyZ9/2fahIqG72jeZ26VKOZnLOpVzUUnU/dweURqBzT3Q==",
      "dependencies": {
        "@opentelemetry/api-metrics": "0.33.0",
        "require-in-the-middle": "^5.0.3",
        "semver": "^7.3.2",
        "shimmer": "^1.2.1"
      },
      "engines": {
        "node": ">=14"
      },
      "peerDependencies": {
        "@opentelemetry/api": "^1.0.0"
      }
    },
    "node_modules/@opentelemetry/instrumentation/node_modules/semver": {
      "version": "7.5.4",
      "resolved": "https://registry.npmjs.org/semver/-/semver-7.5.4.tgz",
      "integrity": "sha512-1bCSESV6Pv+i21Hvpxp3Dx+pSD8lIPt8uVjRrxAUt/nbswYc+tK6Y2btiULjd4+fnq15PX+nqQDC7Oft7WkwcA==",
      "dependencies": {
        "lru-cache": "^6.0.0"
      },
      "bin": {
        "semver": "bin/semver.js"
      },
      "engines": {
        "node": ">=10"
      }
    },
    "node_modules/@opentelemetry/resources": {
      "version": "1.2.0",
      "resolved": "https://registry.npmjs.org/@opentelemetry/resources/-/resources-1.2.0.tgz",
      "integrity": "sha512-S5ZlZa2JF+1qhiF7eb3tTtDfKmTODO//pvam9vEyZvr+/At45rIQ7cyznRdMWCppZbholwXWXnrKml29IIG9vQ==",
      "dependencies": {
        "@opentelemetry/core": "1.2.0",
        "@opentelemetry/semantic-conventions": "1.2.0"
      },
      "engines": {
        "node": ">=8.12.0"
      },
      "peerDependencies": {
        "@opentelemetry/api": ">=1.0.0 <1.2.0"
      }
    },
    "node_modules/@opentelemetry/sdk-trace-base": {
      "version": "1.2.0",
      "resolved": "https://registry.npmjs.org/@opentelemetry/sdk-trace-base/-/sdk-trace-base-1.2.0.tgz",
      "integrity": "sha512-eHrG9c9OhoDhUmMe63Qzgpcvlgxr2L7BFBbbj2DdZu3vGstayytTT6TDv6mz727lXBqR1HXMbqTGVafS07r3bg==",
      "dependencies": {
        "@opentelemetry/core": "1.2.0",
        "@opentelemetry/resources": "1.2.0",
        "@opentelemetry/semantic-conventions": "1.2.0"
      },
      "engines": {
        "node": ">=8.12.0"
      },
      "peerDependencies": {
        "@opentelemetry/api": ">=1.0.0 <1.2.0"
      }
    },
    "node_modules/@opentelemetry/semantic-conventions": {
      "version": "1.2.0",
      "resolved": "https://registry.npmjs.org/@opentelemetry/semantic-conventions/-/semantic-conventions-1.2.0.tgz",
      "integrity": "sha512-BNKB9fiYVghALJzCuWO3eNYfdTExPVK4ykrtmfNfy0A6UWYhOYjGMXifUmkunDJNL8ju9tBobo8jF0WR9zGy1Q==",
      "engines": {
        "node": ">=8.12.0"
      }
    },
    "node_modules/@tootallnate/once": {
      "version": "2.0.0",
      "resolved": "https://registry.npmjs.org/@tootallnate/once/-/once-2.0.0.tgz",
      "integrity": "sha512-XCuKFP5PS55gnMVu3dty8KPatLqUoy/ZYzDzAGCQ8JNFCkLXzmI7vNHCR+XpbZaMWQK/vQubr7PkYq8g470J/A==",
      "engines": {
        "node": ">= 10"
      }
    },
    "node_modules/agent-base": {
      "version": "6.0.2",
      "resolved": "https://registry.npmjs.org/agent-base/-/agent-base-6.0.2.tgz",
      "integrity": "sha512-RZNwNclF7+MS/8bDg70amg32dyeZGZxiDuQmZxKLAlQjr3jGyLx+4Kkk58UO7D2QdgFIQCovuSuZESne6RG6XQ==",
      "dependencies": {
        "debug": "4"
      },
      "engines": {
        "node": ">= 6.0.0"
      }
    },
    "node_modules/applicationinsights": {
      "version": "2.5.1",
      "resolved": "https://registry.npmjs.org/applicationinsights/-/applicationinsights-2.5.1.tgz",
      "integrity": "sha512-FkkvevcsaPnfifZvVTSxZy6njnNKpTaOFZQ55cGlbvVX9Y15vuRFpZUdLTLLyS0vqOeNUa+xk30jzwLjJBTXbQ==",
      "dependencies": {
        "@azure/core-auth": "^1.4.0",
        "@azure/core-rest-pipeline": "^1.10.0",
        "@azure/opentelemetry-instrumentation-azure-sdk": "^1.0.0-beta.2",
        "@microsoft/applicationinsights-web-snippet": "^1.0.1",
        "@opentelemetry/api": "^1.0.4",
        "@opentelemetry/core": "^1.0.1",
        "@opentelemetry/sdk-trace-base": "^1.0.1",
        "@opentelemetry/semantic-conventions": "^1.0.1",
        "cls-hooked": "^4.2.2",
        "continuation-local-storage": "^3.2.1",
        "diagnostic-channel": "1.1.0",
        "diagnostic-channel-publishers": "1.0.5"
      },
      "engines": {
        "node": ">=8.0.0"
      },
      "peerDependencies": {
        "applicationinsights-native-metrics": "*"
      },
      "peerDependenciesMeta": {
        "applicationinsights-native-metrics": {
          "optional": true
        }
      }
    },
    "node_modules/async-hook-jl": {
      "version": "1.7.6",
      "resolved": "https://registry.npmjs.org/async-hook-jl/-/async-hook-jl-1.7.6.tgz",
      "integrity": "sha512-gFaHkFfSxTjvoxDMYqDuGHlcRyUuamF8s+ZTtJdDzqjws4mCt7v0vuV79/E2Wr2/riMQgtG4/yUtXWs1gZ7JMg==",
      "dependencies": {
        "stack-chain": "^1.3.7"
      },
      "engines": {
        "node": "^4.7 || >=6.9 || >=7.3"
      }
    },
    "node_modules/async-listener": {
      "version": "0.6.10",
      "resolved": "https://registry.npmjs.org/async-listener/-/async-listener-0.6.10.tgz",
      "integrity": "sha512-gpuo6xOyF4D5DE5WvyqZdPA3NGhiT6Qf07l7DCB0wwDEsLvDIbCr6j9S5aj5Ch96dLace5tXVzWBZkxU/c5ohw==",
      "dependencies": {
        "semver": "^5.3.0",
        "shimmer": "^1.1.0"
      },
      "engines": {
        "node": "<=0.11.8 || >0.11.10"
      }
    },
    "node_modules/asynckit": {
      "version": "0.4.0",
      "resolved": "https://registry.npmjs.org/asynckit/-/asynckit-0.4.0.tgz",
      "integrity": "sha512-Oei9OH4tRh0YqU3GxhX79dM/mwVgvbZJaSNaRk+bshkj0S5cfHcgYakreBjrHwatXKbz+IoIdYLxrKim2MjW0Q=="
    },
    "node_modules/cls-hooked": {
      "version": "4.2.2",
      "resolved": "https://registry.npmjs.org/cls-hooked/-/cls-hooked-4.2.2.tgz",
      "integrity": "sha512-J4Xj5f5wq/4jAvcdgoGsL3G103BtWpZrMo8NEinRltN+xpTZdI+M38pyQqhuFU/P792xkMFvnKSf+Lm81U1bxw==",
      "dependencies": {
        "async-hook-jl": "^1.7.6",
        "emitter-listener": "^1.0.1",
        "semver": "^5.4.1"
      },
      "engines": {
        "node": "^4.7 || >=6.9 || >=7.3 || >=8.2.1"
      }
    },
    "node_modules/combined-stream": {
      "version": "1.0.8",
      "resolved": "https://registry.npmjs.org/combined-stream/-/combined-stream-1.0.8.tgz",
      "integrity": "sha512-FQN4MRfuJeHf7cBbBMJFXhKSDq+2kAArBlmRBvcvFE5BB1HZKXtSFASDhdlz9zOYwxh8lDdnvmMOe/+5cdoEdg==",
      "dependencies": {
        "delayed-stream": "~1.0.0"
      },
      "engines": {
        "node": ">= 0.8"
      }
    },
    "node_modules/continuation-local-storage": {
      "version": "3.2.1",
      "resolved": "https://registry.npmjs.org/continuation-local-storage/-/continuation-local-storage-3.2.1.tgz",
      "integrity": "sha512-jx44cconVqkCEEyLSKWwkvUXwO561jXMa3LPjTPsm5QR22PA0/mhe33FT4Xb5y74JDvt/Cq+5lm8S8rskLv9ZA==",
      "dependencies": {
        "async-listener": "^0.6.0",
        "emitter-listener": "^1.1.1"
      }
    },
    "node_modules/debug": {
      "version": "4.3.4",
      "resolved": "https://registry.npmjs.org/debug/-/debug-4.3.4.tgz",
      "integrity": "sha512-PRWFHuSU3eDtQJPvnNY7Jcket1j0t5OuOsFzPPzsekD52Zl8qUfFIPEiswXqIvHWGVHOgX+7G/vCNNhehwxfkQ==",
      "dependencies": {
        "ms": "2.1.2"
      },
      "engines": {
        "node": ">=6.0"
      },
      "peerDependenciesMeta": {
        "supports-color": {
          "optional": true
        }
      }
    },
    "node_modules/delayed-stream": {
      "version": "1.0.0",
      "resolved": "https://registry.npmjs.org/delayed-stream/-/delayed-stream-1.0.0.tgz",
      "integrity": "sha512-ZySD7Nf91aLB0RxL4KGrKHBXl7Eds1DAmEdcoVawXnLD7SDhpNgtuII2aAkg7a7QS41jxPSZ17p4VdGnMHk3MQ==",
      "engines": {
        "node": ">=0.4.0"
      }
    },
    "node_modules/diagnostic-channel": {
      "version": "1.1.0",
      "resolved": "https://registry.npmjs.org/diagnostic-channel/-/diagnostic-channel-1.1.0.tgz",
      "integrity": "sha512-fwujyMe1gj6rk6dYi9hMZm0c8Mz8NDMVl2LB4iaYh3+LIAThZC8RKFGXWG0IML2OxAit/ZFRgZhMkhQ3d/bobQ==",
      "dependencies": {
        "semver": "^5.3.0"
      }
    },
    "node_modules/diagnostic-channel-publishers": {
      "version": "1.0.5",
      "resolved": "https://registry.npmjs.org/diagnostic-channel-publishers/-/diagnostic-channel-publishers-1.0.5.tgz",
      "integrity": "sha512-dJwUS0915pkjjimPJVDnS/QQHsH0aOYhnZsLJdnZIMOrB+csj8RnZhWTuwnm8R5v3Z7OZs+ksv5luC14DGB7eg==",
      "peerDependencies": {
        "diagnostic-channel": "*"
      }
    },
    "node_modules/emitter-listener": {
      "version": "1.1.2",
      "resolved": "https://registry.npmjs.org/emitter-listener/-/emitter-listener-1.1.2.tgz",
      "integrity": "sha512-Bt1sBAGFHY9DKY+4/2cV6izcKJUf5T7/gkdmkxzX/qv9CcGH8xSwVRW5mtX03SWJtRTWSOpzCuWN9rBFYZepZQ==",
      "dependencies": {
        "shimmer": "^1.2.0"
      }
    },
    "node_modules/form-data": {
      "version": "4.0.0",
      "resolved": "https://registry.npmjs.org/form-data/-/form-data-4.0.0.tgz",
      "integrity": "sha512-ETEklSGi5t0QMZuiXoA/Q6vcnxcLQP5vdugSpuAyi6SVGi2clPPp+xgEhuMaHC+zGgn31Kd235W35f7Hykkaww==",
      "dependencies": {
        "asynckit": "^0.4.0",
        "combined-stream": "^1.0.8",
        "mime-types": "^2.1.12"
      },
      "engines": {
        "node": ">= 6"
      }
    },
    "node_modules/function-bind": {
      "version": "1.1.1",
      "resolved": "https://registry.npmjs.org/function-bind/-/function-bind-1.1.1.tgz",
      "integrity": "sha512-yIovAzMX49sF8Yl58fSCWJ5svSLuaibPxXQJFLmBObTuCr0Mf1KiPopGM9NiFjiYBCbfaa2Fh6breQ6ANVTI0A=="
    },
    "node_modules/has": {
      "version": "1.0.3",
      "resolved": "https://registry.npmjs.org/has/-/has-1.0.3.tgz",
      "integrity": "sha512-f2dvO0VU6Oej7RkWJGrehjbzMAjFp5/VKPp5tTpWIV4JHHZK1/BxbFRtf/siA2SWTe09caDmVtYYzWEIbBS4zw==",
      "dependencies": {
        "function-bind": "^1.1.1"
      },
      "engines": {
        "node": ">= 0.4.0"
      }
    },
    "node_modules/http-proxy-agent": {
      "version": "5.0.0",
      "resolved": "https://registry.npmjs.org/http-proxy-agent/-/http-proxy-agent-5.0.0.tgz",
      "integrity": "sha512-n2hY8YdoRE1i7r6M0w9DIw5GgZN0G25P8zLCRQ8rjXtTU3vsNFBI/vWK/UIeE6g5MUUz6avwAPXmL6Fy9D/90w==",
      "dependencies": {
        "@tootallnate/once": "2",
        "agent-base": "6",
        "debug": "4"
      },
      "engines": {
        "node": ">= 6"
      }
    },
    "node_modules/https-proxy-agent": {
      "version": "5.0.1",
      "resolved": "https://registry.npmjs.org/https-proxy-agent/-/https-proxy-agent-5.0.1.tgz",
      "integrity": "sha512-dFcAjpTQFgoLMzC2VwU+C/CbS7uRL0lWmxDITmqm7C+7F0Odmj6s9l6alZc6AELXhrnggM2CeWSXHGOdX2YtwA==",
      "dependencies": {
        "agent-base": "6",
        "debug": "4"
      },
      "engines": {
        "node": ">= 6"
      }
    },
    "node_modules/is-core-module": {
      "version": "2.12.0",
      "resolved": "https://registry.npmjs.org/is-core-module/-/is-core-module-2.12.0.tgz",
      "integrity": "sha512-RECHCBCd/viahWmwj6enj19sKbHfJrddi/6cBDsNTKbNq0f7VeaUkBo60BqzvPqo/W54ChS62Z5qyun7cfOMqQ==",
      "dependencies": {
        "has": "^1.0.3"
      },
      "funding": {
        "url": "https://github.com/sponsors/ljharb"
      }
    },
    "node_modules/lru-cache": {
      "version": "6.0.0",
      "resolved": "https://registry.npmjs.org/lru-cache/-/lru-cache-6.0.0.tgz",
      "integrity": "sha512-Jo6dJ04CmSjuznwJSS3pUeWmd/H0ffTlkXXgwZi+eq1UCmqQwCh+eLsYOYCwY991i2Fah4h1BEMCx4qThGbsiA==",
      "dependencies": {
        "yallist": "^4.0.0"
      },
      "engines": {
        "node": ">=10"
      }
    },
    "node_modules/mime-db": {
      "version": "1.52.0",
      "resolved": "https://registry.npmjs.org/mime-db/-/mime-db-1.52.0.tgz",
      "integrity": "sha512-sPU4uV7dYlvtWJxwwxHD0PuihVNiE7TyAbQ5SWxDCB9mUYvOgroQOwYQQOKPJ8CIbE+1ETVlOoK1UC2nU3gYvg==",
      "engines": {
        "node": ">= 0.6"
      }
    },
    "node_modules/mime-types": {
      "version": "2.1.35",
      "resolved": "https://registry.npmjs.org/mime-types/-/mime-types-2.1.35.tgz",
      "integrity": "sha512-ZDY+bPm5zTTF+YpCrAU9nK0UgICYPT0QtT1NZWFv4s++TNkcgVaT0g6+4R2uI4MjQjzysHB1zxuWL50hzaeXiw==",
      "dependencies": {
        "mime-db": "1.52.0"
      },
      "engines": {
        "node": ">= 0.6"
      }
    },
    "node_modules/module-details-from-path": {
      "version": "1.0.3",
      "resolved": "https://registry.npmjs.org/module-details-from-path/-/module-details-from-path-1.0.3.tgz",
      "integrity": "sha512-ySViT69/76t8VhE1xXHK6Ch4NcDd26gx0MzKXLO+F7NOtnqH68d9zF94nT8ZWSxXh8ELOERsnJO/sWt1xZYw5A=="
    },
    "node_modules/ms": {
      "version": "2.1.2",
      "resolved": "https://registry.npmjs.org/ms/-/ms-2.1.2.tgz",
      "integrity": "sha512-sGkPx+VjMtmA6MX27oA4FBFELFCZZ4S4XqeGOXCv68tT+jb3vk/RyaKWP0PTKyWtmLSM0b+adUTEvbs1PEaH2w=="
    },
    "node_modules/path-parse": {
      "version": "1.0.7",
      "resolved": "https://registry.npmjs.org/path-parse/-/path-parse-1.0.7.tgz",
      "integrity": "sha512-LDJzPVEEEPR+y48z93A0Ed0yXb8pAByGWo/k5YYdYgpY2/2EsOsksJrq7lOHxryrVOn1ejG6oAp8ahvOIQD8sw=="
    },
    "node_modules/require-in-the-middle": {
      "version": "5.2.0",
      "resolved": "https://registry.npmjs.org/require-in-the-middle/-/require-in-the-middle-5.2.0.tgz",
      "integrity": "sha512-efCx3b+0Z69/LGJmm9Yvi4cqEdxnoGnxYxGxBghkkTTFeXRtTCmmhO0AnAfHz59k957uTSuy8WaHqOs8wbYUWg==",
      "dependencies": {
        "debug": "^4.1.1",
        "module-details-from-path": "^1.0.3",
        "resolve": "^1.22.1"
      },
      "engines": {
        "node": ">=6"
      }
    },
    "node_modules/resolve": {
      "version": "1.22.2",
      "resolved": "https://registry.npmjs.org/resolve/-/resolve-1.22.2.tgz",
      "integrity": "sha512-Sb+mjNHOULsBv818T40qSPeRiuWLyaGMa5ewydRLFimneixmVy2zdivRl+AF6jaYPC8ERxGDmFSiqui6SfPd+g==",
      "dependencies": {
        "is-core-module": "^2.11.0",
        "path-parse": "^1.0.7",
        "supports-preserve-symlinks-flag": "^1.0.0"
      },
      "bin": {
        "resolve": "bin/resolve"
      },
      "funding": {
        "url": "https://github.com/sponsors/ljharb"
      }
    },
    "node_modules/semver": {
      "version": "5.7.2",
      "resolved": "https://registry.npmjs.org/semver/-/semver-5.7.2.tgz",
      "integrity": "sha512-cBznnQ9KjJqU67B52RMC65CMarK2600WFnbkcaiwWq3xy/5haFJlshgnpjovMVJ+Hff49d8GEn0b87C5pDQ10g==",
      "bin": {
        "semver": "bin/semver"
      }
    },
    "node_modules/shimmer": {
      "version": "1.2.1",
      "resolved": "https://registry.npmjs.org/shimmer/-/shimmer-1.2.1.tgz",
      "integrity": "sha512-sQTKC1Re/rM6XyFM6fIAGHRPVGvyXfgzIDvzoq608vM+jeyVD0Tu1E6Np0Kc2zAIFWIj963V2800iF/9LPieQw=="
    },
    "node_modules/stack-chain": {
      "version": "1.3.7",
      "resolved": "https://registry.npmjs.org/stack-chain/-/stack-chain-1.3.7.tgz",
      "integrity": "sha1-0ZLJ/06moiyUxN1FkXHj8AzqEoU="
    },
    "node_modules/supports-preserve-symlinks-flag": {
      "version": "1.0.0",
      "resolved": "https://registry.npmjs.org/supports-preserve-symlinks-flag/-/supports-preserve-symlinks-flag-1.0.0.tgz",
      "integrity": "sha512-ot0WnXS9fgdkgIcePe6RHNk1WA8+muPa6cSjeR3V8K27q9BB1rTE3R1p7Hv0z1ZyAc8s6Vvv8DIyWf681MAt0w==",
      "engines": {
        "node": ">= 0.4"
      },
      "funding": {
        "url": "https://github.com/sponsors/ljharb"
      }
    },
    "node_modules/tslib": {
      "version": "2.5.0",
      "resolved": "https://registry.npmjs.org/tslib/-/tslib-2.5.0.tgz",
      "integrity": "sha512-336iVw3rtn2BUK7ORdIAHTyxHGRIHVReokCR3XjbckJMK7ms8FysBfhLR8IXnAgy7T0PTPNBWKiH514FOW/WSg=="
    },
    "node_modules/yallist": {
      "version": "4.0.0",
      "resolved": "https://registry.npmjs.org/yallist/-/yallist-4.0.0.tgz",
      "integrity": "sha512-3wdGidZyq5PB084XLES5TpOSRA3wjXAlIWMhum2kRcv/41Sn2emQ0dycQW4uZXLejwKvg6EsvbdlVL+FYEct7A=="
    }
  },
  "dependencies": {
    "@azure/abort-controller": {
      "version": "1.1.0",
      "resolved": "https://registry.npmjs.org/@azure/abort-controller/-/abort-controller-1.1.0.tgz",
      "integrity": "sha512-TrRLIoSQVzfAJX9H1JeFjzAoDGcoK1IYX1UImfceTZpsyYfWr09Ss1aHW1y5TrrR3iq6RZLBwJ3E24uwPhwahw==",
      "requires": {
        "tslib": "^2.2.0"
      }
    },
    "@azure/core-auth": {
      "version": "1.4.0",
      "resolved": "https://registry.npmjs.org/@azure/core-auth/-/core-auth-1.4.0.tgz",
      "integrity": "sha512-HFrcTgmuSuukRf/EdPmqBrc5l6Q5Uu+2TbuhaKbgaCpP2TfAeiNaQPAadxO+CYBRHGUzIDteMAjFspFLDLnKVQ==",
      "requires": {
        "@azure/abort-controller": "^1.0.0",
        "tslib": "^2.2.0"
      }
    },
    "@azure/core-rest-pipeline": {
      "version": "1.10.3",
      "resolved": "https://registry.npmjs.org/@azure/core-rest-pipeline/-/core-rest-pipeline-1.10.3.tgz",
      "integrity": "sha512-AMQb0ttiGJ0MIV/r+4TVra6U4+90mPeOveehFnrqKlo7dknPJYdJ61wOzYJXJjDxF8LcCtSogfRelkq+fCGFTw==",
      "requires": {
        "@azure/abort-controller": "^1.0.0",
        "@azure/core-auth": "^1.4.0",
        "@azure/core-tracing": "^1.0.1",
        "@azure/core-util": "^1.3.0",
        "@azure/logger": "^1.0.0",
        "form-data": "^4.0.0",
        "http-proxy-agent": "^5.0.0",
        "https-proxy-agent": "^5.0.0",
        "tslib": "^2.2.0"
      }
    },
    "@azure/core-tracing": {
      "version": "1.0.1",
      "resolved": "https://registry.npmjs.org/@azure/core-tracing/-/core-tracing-1.0.1.tgz",
      "integrity": "sha512-I5CGMoLtX+pI17ZdiFJZgxMJApsK6jjfm85hpgp3oazCdq5Wxgh4wMr7ge/TTWW1B5WBuvIOI1fMU/FrOAMKrw==",
      "requires": {
        "tslib": "^2.2.0"
      }
    },
    "@azure/core-util": {
      "version": "1.3.0",
      "resolved": "https://registry.npmjs.org/@azure/core-util/-/core-util-1.3.0.tgz",
      "integrity": "sha512-ANP0Er7R2KHHHjwmKzPF9wbd0gXvOX7yRRHeYL1eNd/OaNrMLyfZH/FQasHRVAf6rMXX+EAUpvYwLMFDHDI5Gw==",
      "requires": {
        "@azure/abort-controller": "^1.0.0",
        "tslib": "^2.2.0"
      }
    },
    "@azure/logger": {
      "version": "1.0.4",
      "resolved": "https://registry.npmjs.org/@azure/logger/-/logger-1.0.4.tgz",
      "integrity": "sha512-ustrPY8MryhloQj7OWGe+HrYx+aoiOxzbXTtgblbV3xwCqpzUK36phH3XNHQKj3EPonyFUuDTfR3qFhTEAuZEg==",
      "requires": {
        "tslib": "^2.2.0"
      }
    },
    "@azure/opentelemetry-instrumentation-azure-sdk": {
      "version": "1.0.0-beta.2",
      "resolved": "https://registry.npmjs.org/@azure/opentelemetry-instrumentation-azure-sdk/-/opentelemetry-instrumentation-azure-sdk-1.0.0-beta.2.tgz",
      "integrity": "sha512-WZ2u3J7LmwwVbyXGguiEGNYHyDoUjNb+VZ9S76xecsYOkoKSzFdWJtv/vYBknW9fLuoWCoyVVg8+lU2ouaZbJQ==",
      "requires": {
        "@azure/core-tracing": "^1.0.0",
        "@azure/logger": "^1.0.0",
        "@opentelemetry/api": "^1.2.0",
        "@opentelemetry/core": "^1.7.0",
        "@opentelemetry/instrumentation": "^0.33.0",
        "tslib": "^2.2.0"
      },
      "dependencies": {
        "@opentelemetry/api": {
          "version": "1.4.1",
          "resolved": "https://registry.npmjs.org/@opentelemetry/api/-/api-1.4.1.tgz",
          "integrity": "sha512-O2yRJce1GOc6PAy3QxFM4NzFiWzvScDC1/5ihYBL6BUEVdq0XMWN01sppE+H6bBXbaFYipjwFLEWLg5PaSOThA=="
        },
        "@opentelemetry/core": {
          "version": "1.11.0",
          "resolved": "https://registry.npmjs.org/@opentelemetry/core/-/core-1.11.0.tgz",
          "integrity": "sha512-aP1wHSb+YfU0pM63UAkizYPuS4lZxzavHHw5KJfFNN2oWQ79HSm6JR3CzwFKHwKhSzHN8RE9fgP1IdVJ8zmo1w==",
          "requires": {
            "@opentelemetry/semantic-conventions": "1.11.0"
          }
        },
        "@opentelemetry/semantic-conventions": {
          "version": "1.11.0",
          "resolved": "https://registry.npmjs.org/@opentelemetry/semantic-conventions/-/semantic-conventions-1.11.0.tgz",
          "integrity": "sha512-fG4D0AktoHyHwGhFGv+PzKrZjxbKJfckJauTJdq2A+ej5cTazmNYjJVAODXXkYyrsI10muMl+B1iO2q1R6Lp+w=="
        }
      }
    },
    "@microsoft/applicationinsights-web-snippet": {
      "version": "1.0.1",
      "resolved": "https://registry.npmjs.org/@microsoft/applicationinsights-web-snippet/-/applicationinsights-web-snippet-1.0.1.tgz",
      "integrity": "sha512-2IHAOaLauc8qaAitvWS+U931T+ze+7MNWrDHY47IENP5y2UA0vqJDu67kWZDdpCN1fFC77sfgfB+HV7SrKshnQ=="
    },
    "@opentelemetry/api": {
      "version": "1.1.0",
      "resolved": "https://registry.npmjs.org/@opentelemetry/api/-/api-1.1.0.tgz",
      "integrity": "sha512-hf+3bwuBwtXsugA2ULBc95qxrOqP2pOekLz34BJhcAKawt94vfeNyUKpYc0lZQ/3sCP6LqRa7UAdHA7i5UODzQ=="
    },
    "@opentelemetry/api-metrics": {
      "version": "0.33.0",
      "resolved": "https://registry.npmjs.org/@opentelemetry/api-metrics/-/api-metrics-0.33.0.tgz",
      "integrity": "sha512-78evfPRRRnJA6uZ3xuBuS3VZlXTO/LRs+Ff1iv3O/7DgibCtq9k27T6Zlj8yRdJDFmcjcbQrvC0/CpDpWHaZYA==",
      "requires": {
        "@opentelemetry/api": "^1.0.0"
      }
    },
    "@opentelemetry/core": {
      "version": "1.2.0",
      "resolved": "https://registry.npmjs.org/@opentelemetry/core/-/core-1.2.0.tgz",
      "integrity": "sha512-QiKp8fBbT9ZhRTP+ZVVMyqH62tD/ZQa4gWPi+GnpNetvK1SWPO/8DmRpaSXHwAhu5FWUDJrbFgpLsrDd1zGPOw==",
      "requires": {
        "@opentelemetry/semantic-conventions": "1.2.0"
      }
    },
    "@opentelemetry/instrumentation": {
      "version": "0.33.0",
      "resolved": "https://registry.npmjs.org/@opentelemetry/instrumentation/-/instrumentation-0.33.0.tgz",
      "integrity": "sha512-8joPjKJ6TznNt04JbnzZG+m1j/4wm1OIrX7DEw/V5lyZ9/2fahIqG72jeZ26VKOZnLOpVzUUnU/dweURqBzT3Q==",
      "requires": {
        "@opentelemetry/api-metrics": "0.33.0",
        "require-in-the-middle": "^5.0.3",
        "semver": "^7.3.2",
        "shimmer": "^1.2.1"
      },
      "dependencies": {
        "semver": {
          "version": "7.5.4",
          "resolved": "https://registry.npmjs.org/semver/-/semver-7.5.4.tgz",
          "integrity": "sha512-1bCSESV6Pv+i21Hvpxp3Dx+pSD8lIPt8uVjRrxAUt/nbswYc+tK6Y2btiULjd4+fnq15PX+nqQDC7Oft7WkwcA==",
          "requires": {
            "lru-cache": "^6.0.0"
          }
        }
      }
    },
    "@opentelemetry/resources": {
      "version": "1.2.0",
      "resolved": "https://registry.npmjs.org/@opentelemetry/resources/-/resources-1.2.0.tgz",
      "integrity": "sha512-S5ZlZa2JF+1qhiF7eb3tTtDfKmTODO//pvam9vEyZvr+/At45rIQ7cyznRdMWCppZbholwXWXnrKml29IIG9vQ==",
      "requires": {
        "@opentelemetry/core": "1.2.0",
        "@opentelemetry/semantic-conventions": "1.2.0"
      }
    },
    "@opentelemetry/sdk-trace-base": {
      "version": "1.2.0",
      "resolved": "https://registry.npmjs.org/@opentelemetry/sdk-trace-base/-/sdk-trace-base-1.2.0.tgz",
      "integrity": "sha512-eHrG9c9OhoDhUmMe63Qzgpcvlgxr2L7BFBbbj2DdZu3vGstayytTT6TDv6mz727lXBqR1HXMbqTGVafS07r3bg==",
      "requires": {
        "@opentelemetry/core": "1.2.0",
        "@opentelemetry/resources": "1.2.0",
        "@opentelemetry/semantic-conventions": "1.2.0"
      }
    },
    "@opentelemetry/semantic-conventions": {
      "version": "1.2.0",
      "resolved": "https://registry.npmjs.org/@opentelemetry/semantic-conventions/-/semantic-conventions-1.2.0.tgz",
      "integrity": "sha512-BNKB9fiYVghALJzCuWO3eNYfdTExPVK4ykrtmfNfy0A6UWYhOYjGMXifUmkunDJNL8ju9tBobo8jF0WR9zGy1Q=="
    },
    "@tootallnate/once": {
      "version": "2.0.0",
      "resolved": "https://registry.npmjs.org/@tootallnate/once/-/once-2.0.0.tgz",
      "integrity": "sha512-XCuKFP5PS55gnMVu3dty8KPatLqUoy/ZYzDzAGCQ8JNFCkLXzmI7vNHCR+XpbZaMWQK/vQubr7PkYq8g470J/A=="
    },
    "agent-base": {
      "version": "6.0.2",
      "resolved": "https://registry.npmjs.org/agent-base/-/agent-base-6.0.2.tgz",
      "integrity": "sha512-RZNwNclF7+MS/8bDg70amg32dyeZGZxiDuQmZxKLAlQjr3jGyLx+4Kkk58UO7D2QdgFIQCovuSuZESne6RG6XQ==",
      "requires": {
        "debug": "4"
      }
    },
    "applicationinsights": {
      "version": "2.5.1",
      "resolved": "https://registry.npmjs.org/applicationinsights/-/applicationinsights-2.5.1.tgz",
      "integrity": "sha512-FkkvevcsaPnfifZvVTSxZy6njnNKpTaOFZQ55cGlbvVX9Y15vuRFpZUdLTLLyS0vqOeNUa+xk30jzwLjJBTXbQ==",
      "requires": {
        "@azure/core-auth": "^1.4.0",
        "@azure/core-rest-pipeline": "^1.10.0",
        "@azure/opentelemetry-instrumentation-azure-sdk": "^1.0.0-beta.2",
        "@microsoft/applicationinsights-web-snippet": "^1.0.1",
        "@opentelemetry/api": "^1.0.4",
        "@opentelemetry/core": "^1.0.1",
        "@opentelemetry/sdk-trace-base": "^1.0.1",
        "@opentelemetry/semantic-conventions": "^1.0.1",
        "cls-hooked": "^4.2.2",
        "continuation-local-storage": "^3.2.1",
        "diagnostic-channel": "1.1.0",
        "diagnostic-channel-publishers": "1.0.5"
      }
    },
    "async-hook-jl": {
      "version": "1.7.6",
      "resolved": "https://registry.npmjs.org/async-hook-jl/-/async-hook-jl-1.7.6.tgz",
      "integrity": "sha512-gFaHkFfSxTjvoxDMYqDuGHlcRyUuamF8s+ZTtJdDzqjws4mCt7v0vuV79/E2Wr2/riMQgtG4/yUtXWs1gZ7JMg==",
      "requires": {
        "stack-chain": "^1.3.7"
      }
    },
    "async-listener": {
      "version": "0.6.10",
      "resolved": "https://registry.npmjs.org/async-listener/-/async-listener-0.6.10.tgz",
      "integrity": "sha512-gpuo6xOyF4D5DE5WvyqZdPA3NGhiT6Qf07l7DCB0wwDEsLvDIbCr6j9S5aj5Ch96dLace5tXVzWBZkxU/c5ohw==",
      "requires": {
        "semver": "^5.3.0",
        "shimmer": "^1.1.0"
      }
    },
    "asynckit": {
      "version": "0.4.0",
      "resolved": "https://registry.npmjs.org/asynckit/-/asynckit-0.4.0.tgz",
      "integrity": "sha512-Oei9OH4tRh0YqU3GxhX79dM/mwVgvbZJaSNaRk+bshkj0S5cfHcgYakreBjrHwatXKbz+IoIdYLxrKim2MjW0Q=="
    },
    "cls-hooked": {
      "version": "4.2.2",
      "resolved": "https://registry.npmjs.org/cls-hooked/-/cls-hooked-4.2.2.tgz",
      "integrity": "sha512-J4Xj5f5wq/4jAvcdgoGsL3G103BtWpZrMo8NEinRltN+xpTZdI+M38pyQqhuFU/P792xkMFvnKSf+Lm81U1bxw==",
      "requires": {
        "async-hook-jl": "^1.7.6",
        "emitter-listener": "^1.0.1",
        "semver": "^5.4.1"
      }
    },
    "combined-stream": {
      "version": "1.0.8",
      "resolved": "https://registry.npmjs.org/combined-stream/-/combined-stream-1.0.8.tgz",
      "integrity": "sha512-FQN4MRfuJeHf7cBbBMJFXhKSDq+2kAArBlmRBvcvFE5BB1HZKXtSFASDhdlz9zOYwxh8lDdnvmMOe/+5cdoEdg==",
      "requires": {
        "delayed-stream": "~1.0.0"
      }
    },
    "continuation-local-storage": {
      "version": "3.2.1",
      "resolved": "https://registry.npmjs.org/continuation-local-storage/-/continuation-local-storage-3.2.1.tgz",
      "integrity": "sha512-jx44cconVqkCEEyLSKWwkvUXwO561jXMa3LPjTPsm5QR22PA0/mhe33FT4Xb5y74JDvt/Cq+5lm8S8rskLv9ZA==",
      "requires": {
        "async-listener": "^0.6.0",
        "emitter-listener": "^1.1.1"
      }
    },
    "debug": {
      "version": "4.3.4",
      "resolved": "https://registry.npmjs.org/debug/-/debug-4.3.4.tgz",
      "integrity": "sha512-PRWFHuSU3eDtQJPvnNY7Jcket1j0t5OuOsFzPPzsekD52Zl8qUfFIPEiswXqIvHWGVHOgX+7G/vCNNhehwxfkQ==",
      "requires": {
        "ms": "2.1.2"
      }
    },
    "delayed-stream": {
      "version": "1.0.0",
      "resolved": "https://registry.npmjs.org/delayed-stream/-/delayed-stream-1.0.0.tgz",
      "integrity": "sha512-ZySD7Nf91aLB0RxL4KGrKHBXl7Eds1DAmEdcoVawXnLD7SDhpNgtuII2aAkg7a7QS41jxPSZ17p4VdGnMHk3MQ=="
    },
    "diagnostic-channel": {
      "version": "1.1.0",
      "resolved": "https://registry.npmjs.org/diagnostic-channel/-/diagnostic-channel-1.1.0.tgz",
      "integrity": "sha512-fwujyMe1gj6rk6dYi9hMZm0c8Mz8NDMVl2LB4iaYh3+LIAThZC8RKFGXWG0IML2OxAit/ZFRgZhMkhQ3d/bobQ==",
      "requires": {
        "semver": "^5.3.0"
      }
    },
    "diagnostic-channel-publishers": {
      "version": "1.0.5",
      "resolved": "https://registry.npmjs.org/diagnostic-channel-publishers/-/diagnostic-channel-publishers-1.0.5.tgz",
      "integrity": "sha512-dJwUS0915pkjjimPJVDnS/QQHsH0aOYhnZsLJdnZIMOrB+csj8RnZhWTuwnm8R5v3Z7OZs+ksv5luC14DGB7eg==",
      "requires": {}
    },
    "emitter-listener": {
      "version": "1.1.2",
      "resolved": "https://registry.npmjs.org/emitter-listener/-/emitter-listener-1.1.2.tgz",
      "integrity": "sha512-Bt1sBAGFHY9DKY+4/2cV6izcKJUf5T7/gkdmkxzX/qv9CcGH8xSwVRW5mtX03SWJtRTWSOpzCuWN9rBFYZepZQ==",
      "requires": {
        "shimmer": "^1.2.0"
      }
    },
    "form-data": {
      "version": "4.0.0",
      "resolved": "https://registry.npmjs.org/form-data/-/form-data-4.0.0.tgz",
      "integrity": "sha512-ETEklSGi5t0QMZuiXoA/Q6vcnxcLQP5vdugSpuAyi6SVGi2clPPp+xgEhuMaHC+zGgn31Kd235W35f7Hykkaww==",
      "requires": {
        "asynckit": "^0.4.0",
        "combined-stream": "^1.0.8",
        "mime-types": "^2.1.12"
      }
    },
    "function-bind": {
      "version": "1.1.1",
      "resolved": "https://registry.npmjs.org/function-bind/-/function-bind-1.1.1.tgz",
      "integrity": "sha512-yIovAzMX49sF8Yl58fSCWJ5svSLuaibPxXQJFLmBObTuCr0Mf1KiPopGM9NiFjiYBCbfaa2Fh6breQ6ANVTI0A=="
    },
    "has": {
      "version": "1.0.3",
      "resolved": "https://registry.npmjs.org/has/-/has-1.0.3.tgz",
      "integrity": "sha512-f2dvO0VU6Oej7RkWJGrehjbzMAjFp5/VKPp5tTpWIV4JHHZK1/BxbFRtf/siA2SWTe09caDmVtYYzWEIbBS4zw==",
      "requires": {
        "function-bind": "^1.1.1"
      }
    },
    "http-proxy-agent": {
      "version": "5.0.0",
      "resolved": "https://registry.npmjs.org/http-proxy-agent/-/http-proxy-agent-5.0.0.tgz",
      "integrity": "sha512-n2hY8YdoRE1i7r6M0w9DIw5GgZN0G25P8zLCRQ8rjXtTU3vsNFBI/vWK/UIeE6g5MUUz6avwAPXmL6Fy9D/90w==",
      "requires": {
        "@tootallnate/once": "2",
        "agent-base": "6",
        "debug": "4"
      }
    },
    "https-proxy-agent": {
      "version": "5.0.1",
      "resolved": "https://registry.npmjs.org/https-proxy-agent/-/https-proxy-agent-5.0.1.tgz",
      "integrity": "sha512-dFcAjpTQFgoLMzC2VwU+C/CbS7uRL0lWmxDITmqm7C+7F0Odmj6s9l6alZc6AELXhrnggM2CeWSXHGOdX2YtwA==",
      "requires": {
        "agent-base": "6",
        "debug": "4"
      }
    },
    "is-core-module": {
      "version": "2.12.0",
      "resolved": "https://registry.npmjs.org/is-core-module/-/is-core-module-2.12.0.tgz",
      "integrity": "sha512-RECHCBCd/viahWmwj6enj19sKbHfJrddi/6cBDsNTKbNq0f7VeaUkBo60BqzvPqo/W54ChS62Z5qyun7cfOMqQ==",
      "requires": {
        "has": "^1.0.3"
      }
    },
    "lru-cache": {
      "version": "6.0.0",
      "resolved": "https://registry.npmjs.org/lru-cache/-/lru-cache-6.0.0.tgz",
      "integrity": "sha512-Jo6dJ04CmSjuznwJSS3pUeWmd/H0ffTlkXXgwZi+eq1UCmqQwCh+eLsYOYCwY991i2Fah4h1BEMCx4qThGbsiA==",
      "requires": {
        "yallist": "^4.0.0"
      }
    },
    "mime-db": {
      "version": "1.52.0",
      "resolved": "https://registry.npmjs.org/mime-db/-/mime-db-1.52.0.tgz",
      "integrity": "sha512-sPU4uV7dYlvtWJxwwxHD0PuihVNiE7TyAbQ5SWxDCB9mUYvOgroQOwYQQOKPJ8CIbE+1ETVlOoK1UC2nU3gYvg=="
    },
    "mime-types": {
      "version": "2.1.35",
      "resolved": "https://registry.npmjs.org/mime-types/-/mime-types-2.1.35.tgz",
      "integrity": "sha512-ZDY+bPm5zTTF+YpCrAU9nK0UgICYPT0QtT1NZWFv4s++TNkcgVaT0g6+4R2uI4MjQjzysHB1zxuWL50hzaeXiw==",
      "requires": {
        "mime-db": "1.52.0"
      }
    },
    "module-details-from-path": {
      "version": "1.0.3",
      "resolved": "https://registry.npmjs.org/module-details-from-path/-/module-details-from-path-1.0.3.tgz",
      "integrity": "sha512-ySViT69/76t8VhE1xXHK6Ch4NcDd26gx0MzKXLO+F7NOtnqH68d9zF94nT8ZWSxXh8ELOERsnJO/sWt1xZYw5A=="
    },
    "ms": {
      "version": "2.1.2",
      "resolved": "https://registry.npmjs.org/ms/-/ms-2.1.2.tgz",
      "integrity": "sha512-sGkPx+VjMtmA6MX27oA4FBFELFCZZ4S4XqeGOXCv68tT+jb3vk/RyaKWP0PTKyWtmLSM0b+adUTEvbs1PEaH2w=="
    },
    "path-parse": {
      "version": "1.0.7",
      "resolved": "https://registry.npmjs.org/path-parse/-/path-parse-1.0.7.tgz",
      "integrity": "sha512-LDJzPVEEEPR+y48z93A0Ed0yXb8pAByGWo/k5YYdYgpY2/2EsOsksJrq7lOHxryrVOn1ejG6oAp8ahvOIQD8sw=="
    },
    "require-in-the-middle": {
      "version": "5.2.0",
      "resolved": "https://registry.npmjs.org/require-in-the-middle/-/require-in-the-middle-5.2.0.tgz",
      "integrity": "sha512-efCx3b+0Z69/LGJmm9Yvi4cqEdxnoGnxYxGxBghkkTTFeXRtTCmmhO0AnAfHz59k957uTSuy8WaHqOs8wbYUWg==",
      "requires": {
        "debug": "^4.1.1",
        "module-details-from-path": "^1.0.3",
        "resolve": "^1.22.1"
      }
    },
    "resolve": {
      "version": "1.22.2",
      "resolved": "https://registry.npmjs.org/resolve/-/resolve-1.22.2.tgz",
      "integrity": "sha512-Sb+mjNHOULsBv818T40qSPeRiuWLyaGMa5ewydRLFimneixmVy2zdivRl+AF6jaYPC8ERxGDmFSiqui6SfPd+g==",
      "requires": {
        "is-core-module": "^2.11.0",
        "path-parse": "^1.0.7",
        "supports-preserve-symlinks-flag": "^1.0.0"
      }
    },
    "semver": {
      "version": "5.7.2",
      "resolved": "https://registry.npmjs.org/semver/-/semver-5.7.2.tgz",
      "integrity": "sha512-cBznnQ9KjJqU67B52RMC65CMarK2600WFnbkcaiwWq3xy/5haFJlshgnpjovMVJ+Hff49d8GEn0b87C5pDQ10g=="
    },
    "shimmer": {
      "version": "1.2.1",
      "resolved": "https://registry.npmjs.org/shimmer/-/shimmer-1.2.1.tgz",
      "integrity": "sha512-sQTKC1Re/rM6XyFM6fIAGHRPVGvyXfgzIDvzoq608vM+jeyVD0Tu1E6Np0Kc2zAIFWIj963V2800iF/9LPieQw=="
    },
    "stack-chain": {
      "version": "1.3.7",
      "resolved": "https://registry.npmjs.org/stack-chain/-/stack-chain-1.3.7.tgz",
      "integrity": "sha1-0ZLJ/06moiyUxN1FkXHj8AzqEoU="
    },
    "supports-preserve-symlinks-flag": {
      "version": "1.0.0",
      "resolved": "https://registry.npmjs.org/supports-preserve-symlinks-flag/-/supports-preserve-symlinks-flag-1.0.0.tgz",
      "integrity": "sha512-ot0WnXS9fgdkgIcePe6RHNk1WA8+muPa6cSjeR3V8K27q9BB1rTE3R1p7Hv0z1ZyAc8s6Vvv8DIyWf681MAt0w=="
    },
    "tslib": {
      "version": "2.5.0",
      "resolved": "https://registry.npmjs.org/tslib/-/tslib-2.5.0.tgz",
      "integrity": "sha512-336iVw3rtn2BUK7ORdIAHTyxHGRIHVReokCR3XjbckJMK7ms8FysBfhLR8IXnAgy7T0PTPNBWKiH514FOW/WSg=="
    },
    "yallist": {
      "version": "4.0.0",
      "resolved": "https://registry.npmjs.org/yallist/-/yallist-4.0.0.tgz",
      "integrity": "sha512-3wdGidZyq5PB084XLES5TpOSRA3wjXAlIWMhum2kRcv/41Sn2emQ0dycQW4uZXLejwKvg6EsvbdlVL+FYEct7A=="
    }
  }
}
